
Microsoft Visual Studio Solution File, Format Version 12.00
# Visual Studio 15
VisualStudioVersion = 15.0.28307.1145
MinimumVisualStudioVersion = 10.0.40219.1
Project("{FAE04EC0-301F-11D3-BF4B-00C04F79EFBC}") = "MVCtutorial", "MVCtutorial\MVCtutorial.csproj", "{52C13D1A-E9AE-43FF-AC7C-AEDB94B39954}"
EndProject
Global
	GlobalSection(SolutionConfigurationPlatforms) = preSolution
		Debug|Any CPU = Debug|Any CPU
		Release|Any CPU = Release|Any CPU
	EndGlobalSection
	GlobalSection(ProjectConfigurationPlatforms) = postSolution
		{52C13D1A-E9AE-43FF-AC7C-AEDB94B39954}.Debug|Any CPU.ActiveCfg = Debug|Any CPU
		{52C13D1A-E9AE-43FF-AC7C-AEDB94B39954}.Debug|Any CPU.Build.0 = Debug|Any CPU
		{52C13D1A-E9AE-43FF-AC7C-AEDB94B39954}.Release|Any CPU.ActiveCfg = Release|Any CPU
		{52C13D1A-E9AE-43FF-AC7C-AEDB94B39954}.Release|Any CPU.Build.0 = Release|Any CPU
	EndGlobalSection
	GlobalSection(SolutionProperties) = preSolution
		HideSolutionNode = FALSE
	EndGlobalSection
	GlobalSection(ExtensibilityGlobals) = postSolution
		SolutionGuid = {34BEF9E6-4954-457B-909A-F1E94B2B1FED}
	EndGlobalSection
EndGlobal
